
Microsoft Visual Studio Solution File, Format Version 12.00
Project("{FAE04EC0-301F-11D3-BF4B-00C04F79EFBC}") = "DSharpPlus.Menus", "DSharpPlus.Menus.csproj", "{EB16E56D-589A-4B82-BCE9-CE7AC7DE443D}"
EndProject
Global
	GlobalSection(SolutionConfigurationPlatforms) = preSolution
		Debug|Any CPU = Debug|Any CPU
		Release|Any CPU = Release|Any CPU
	EndGlobalSection
	GlobalSection(ProjectConfigurationPlatforms) = postSolution
		{EB16E56D-589A-4B82-BCE9-CE7AC7DE443D}.Debug|Any CPU.ActiveCfg = Debug|Any CPU
		{EB16E56D-589A-4B82-BCE9-CE7AC7DE443D}.Debug|Any CPU.Build.0 = Debug|Any CPU
		{EB16E56D-589A-4B82-BCE9-CE7AC7DE443D}.Release|Any CPU.ActiveCfg = Release|Any CPU
		{EB16E56D-589A-4B82-BCE9-CE7AC7DE443D}.Release|Any CPU.Build.0 = Release|Any CPU
	EndGlobalSection
EndGlobal
